
Microsoft Visual Studio Solution File, Format Version 12.00
# Visual Studio Version 16
VisualStudioVersion = 16.0.28729.10
MinimumVisualStudioVersion = 10.0.40219.1
Project("{FAE04EC0-301F-11D3-BF4B-00C04F79EFBC}") = "WebApp", "WebApp\WebApp.csproj", "{A0735E37-F398-47F9-9046-2DC237F204BB}"
EndProject
Project("{FAE04EC0-301F-11D3-BF4B-00C04F79EFBC}") = "Security", "Security\Security.csproj", "{35AEA767-A451-4BCD-A8F5-E0E412686279}"
EndProject
Project("{FAE04EC0-301F-11D3-BF4B-00C04F79EFBC}") = "Chat", "Chat\Chat.csproj", "{57776233-23D5-4E36-BF4A-2D3ED7731558}"
EndProject
Project("{FAE04EC0-301F-11D3-BF4B-00C04F79EFBC}") = "Statistics", "Statistics\Statistics.csproj", "{F00E74E6-AE53-4DA6-9DEC-D0B05A0E7D33}"
EndProject
Project("{FAE04EC0-301F-11D3-BF4B-00C04F79EFBC}") = "FormGenerator", "FormGenerator\FormGenerator.csproj", "{4F138651-DDA4-4453-BB8C-E998DBC90C4A}"
EndProject
Project("{FAE04EC0-301F-11D3-BF4B-00C04F79EFBC}") = "Help", "Help\Help.csproj", "{FA0B0F59-3C1C-4AF6-8D6E-FE243BAF526A}"
EndProject
Project("{FAE04EC0-301F-11D3-BF4B-00C04F79EFBC}") = "FAQ", "FAQ\FAQ.csproj", "{EA76A670-2CA6-40DD-BF3B-9C7E22F84A06}"
EndProject
Project("{FAE04EC0-301F-11D3-BF4B-00C04F79EFBC}") = "Message", "Message\Message.csproj", "{D2DFC1BF-8CE6-4684-8EF0-3C3D2D6112F2}"
EndProject
Project("{FAE04EC0-301F-11D3-BF4B-00C04F79EFBC}") = "PaymentGateway", "PaymentGateway\PaymentGateway.csproj", "{B55F2DE5-2C1E-4260-8978-4CEDA8785992}"
EndProject
Project("{FAE04EC0-301F-11D3-BF4B-00C04F79EFBC}") = "Slider", "Slider\Slider.csproj", "{ADC9FFD5-6590-4345-917E-9D69F165BE64}"
EndProject
Project("{2150E333-8FDC-42A3-9474-1A3956D46DE8}") = "Scripts", "Scripts", "{2CE320F1-0ADC-41CD-A634-AA4D5F222439}"
	ProjectSection(SolutionItems) = preProject
		Scripts\Homa-13970407.sql = Scripts\Homa-13970407.sql
		Scripts\Homa2-13930707.sql = Scripts\Homa2-13930707.sql
		Scripts\Homa2-13930709.sql = Scripts\Homa2-13930709.sql
		Scripts\Homa2-13930712.sql = Scripts\Homa2-13930712.sql
		Scripts\Homa2-13930719.sql = Scripts\Homa2-13930719.sql
		Scripts\Homa2-13930726.sql = Scripts\Homa2-13930726.sql
		Scripts\Homa2-13930803.sql = Scripts\Homa2-13930803.sql
		Scripts\Homa2-13930804.sql = Scripts\Homa2-13930804.sql
		Scripts\Homa2-13930805.sql = Scripts\Homa2-13930805.sql
		Scripts\Homa2-13930810.sql = Scripts\Homa2-13930810.sql
		Scripts\Homa2-13930819.sql = Scripts\Homa2-13930819.sql
		Scripts\Homa2-13930825.sql = Scripts\Homa2-13930825.sql
		Scripts\Homa2-13930902.sql = Scripts\Homa2-13930902.sql
		Scripts\Homa2-13930909.sql = Scripts\Homa2-13930909.sql
		Scripts\Homa2-13930911.sql = Scripts\Homa2-13930911.sql
		Scripts\Homa2-13930919.sql = Scripts\Homa2-13930919.sql
		Scripts\Homa2-13930923.sql = Scripts\Homa2-13930923.sql
		Scripts\Homa2-13931016.sql = Scripts\Homa2-13931016.sql
		Scripts\Homa2-13931029.sql = Scripts\Homa2-13931029.sql
		Scripts\Homa2-13931102.sql = Scripts\Homa2-13931102.sql
		Scripts\Homa2-13931107.sql = Scripts\Homa2-13931107.sql
		Scripts\Homa2-13931108.sql = Scripts\Homa2-13931108.sql
		Scripts\Homa2-13931114.sql = Scripts\Homa2-13931114.sql
		Scripts\Homa2-13931219.sql = Scripts\Homa2-13931219.sql
		Scripts\Homa2-13940119.sql = Scripts\Homa2-13940119.sql
		Scripts\Homa2-13940125.sql = Scripts\Homa2-13940125.sql
		Scripts\Homa2-13940219.sql = Scripts\Homa2-13940219.sql
		Scripts\Homa2-13940220.sql = Scripts\Homa2-13940220.sql
		Scripts\Homa2-13940402.sql = Scripts\Homa2-13940402.sql
		Scripts\Homa2-13940404.sql = Scripts\Homa2-13940404.sql
		Scripts\Homa2-13940406.sql = Scripts\Homa2-13940406.sql
		Scripts\Homa2-13940513.sql = Scripts\Homa2-13940513.sql
		Scripts\Homa2-13940628.sql = Scripts\Homa2-13940628.sql
		Scripts\Homa2-13940701.sql = Scripts\Homa2-13940701.sql
		Scripts\Homa2-13940715.sql = Scripts\Homa2-13940715.sql
		Scripts\Homa2-13940729.sql = Scripts\Homa2-13940729.sql
		Scripts\Homa2-13940813.sql = Scripts\Homa2-13940813.sql
		Scripts\Homa2-13940912.sql = Scripts\Homa2-13940912.sql
		Scripts\Homa2-13941003.sql = Scripts\Homa2-13941003.sql
		Scripts\Homa2-13950319.sql = Scripts\Homa2-13950319.sql
		Scripts\Homa2-13950324.sql = Scripts\Homa2-13950324.sql
		Scripts\Homa2-13950523.sql = Scripts\Homa2-13950523.sql
		Scripts\Homa2-13950617.sql = Scripts\Homa2-13950617.sql
		Scripts\Homa2-13950618.sql = Scripts\Homa2-13950618.sql
		Scripts\Homa2-13950623.sql = Scripts\Homa2-13950623.sql
		Scripts\Homa2-13950625.sql = Scripts\Homa2-13950625.sql
		Scripts\Homa2-13950706.sql = Scripts\Homa2-13950706.sql
		Scripts\Homa2-13950728.sql = Scripts\Homa2-13950728.sql
		Scripts\Homa2-13950806.sql = Scripts\Homa2-13950806.sql
		Scripts\Homa2-13950815.sql = Scripts\Homa2-13950815.sql
		Scripts\Homa2-13951011.sql = Scripts\Homa2-13951011.sql
		Scripts\Homa2-13951012.sql = Scripts\Homa2-13951012.sql
		Scripts\Homa2-13951112.sql = Scripts\Homa2-13951112.sql
		Scripts\Homa2-13951119.sql = Scripts\Homa2-13951119.sql
		Scripts\Homa2-13951127.sql = Scripts\Homa2-13951127.sql
		Scripts\Homa2-13951130.sql = Scripts\Homa2-13951130.sql
		Scripts\Homa2-13960413.sql = Scripts\Homa2-13960413.sql
		Scripts\Homa2-13960507.sql = Scripts\Homa2-13960507.sql
		Scripts\Homa2-13960719.sql = Scripts\Homa2-13960719.sql
		Scripts\Homa2-13960920.sql = Scripts\Homa2-13960920.sql
		Scripts\Homa2-13961123.sql = Scripts\Homa2-13961123.sql
		Scripts\Homa2-13961125.sql = Scripts\Homa2-13961125.sql
		Scripts\Homa2-13970215.sql = Scripts\Homa2-13970215.sql
		Scripts\Homa2-13970217.sql = Scripts\Homa2-13970217.sql
		Scripts\Homa2-13970222.sql = Scripts\Homa2-13970222.sql
		Scripts\Homa2-13970319.sql = Scripts\Homa2-13970319.sql
		Scripts\Homa2-13970417.sql = Scripts\Homa2-13970417.sql
		Scripts\Homa2-13970518.sql = Scripts\Homa2-13970518.sql
		Scripts\Homa2-13970524.sql = Scripts\Homa2-13970524.sql
		Scripts\Homa2-13970631.sql = Scripts\Homa2-13970631.sql
		Scripts\Homa2-13970805.sql = Scripts\Homa2-13970805.sql
		Scripts\Homa2-13970913.sql = Scripts\Homa2-13970913.sql
		Scripts\Homa2-13970917.sql = Scripts\Homa2-13970917.sql
		Scripts\Homa2-13971227.sql = Scripts\Homa2-13971227.sql
		Scripts\Homa2-13980403.sql = Scripts\Homa2-13980403.sql
		Scripts\homa2-13980523.sql = Scripts\homa2-13980523.sql
		Scripts\homa2-13990204.sql = Scripts\homa2-13990204.sql
		Scripts\homa2-13990313.sql = Scripts\homa2-13990313.sql
		Scripts\homa2-13990901.sql = Scripts\homa2-13990901.sql
		Scripts\Homa35-HomaChnage35.sql = Scripts\Homa35-HomaChnage35.sql
	EndProjectSection
EndProject
Project("{FAE04EC0-301F-11D3-BF4B-00C04F79EFBC}") = "Reservations", "Reservations\Reservations.csproj", "{36D8923E-BDA6-4C92-B3E4-190885FCA06D}"
EndProject
Project("{FAE04EC0-301F-11D3-BF4B-00C04F79EFBC}") = "SQL", "SQL\SQL.csproj", "{596A0A51-6D96-45D0-8F37-AD8E945960FD}"
EndProject
Project("{FAE04EC0-301F-11D3-BF4B-00C04F79EFBC}") = "Common", "Common\Common.csproj", "{3B7185A9-70D1-4CBE-9835-88944BF9384C}"
EndProject
Project("{FAE04EC0-301F-11D3-BF4B-00C04F79EFBC}") = "EnterpriseNode", "EnterpriseNode\EnterpriseNode.csproj", "{46953CE7-5185-464D-9DB4-3BCB91BD04A6}"
EndProject
Project("{FAE04EC0-301F-11D3-BF4B-00C04F79EFBC}") = "FileManager", "FileManager\FileManager.csproj", "{189D7172-B237-4AFA-A5AA-105AA7693637}"
EndProject
Project("{FAE04EC0-301F-11D3-BF4B-00C04F79EFBC}") = "News", "News\News.csproj", "{03F3C529-60B9-4266-9B14-3052DA14A312}"
EndProject
Project("{FAE04EC0-301F-11D3-BF4B-00C04F79EFBC}") = "Gallery", "Gallery\Gallery.csproj", "{9D4F5FA9-0871-4921-AA00-63FBE92B8D48}"
EndProject
Project("{FAE04EC0-301F-11D3-BF4B-00C04F79EFBC}") = "Payment", "Payment\Payment.csproj", "{D3F8D1A7-7EB1-49AD-BF12-123B32EA554B}"
EndProject
Project("{2150E333-8FDC-42A3-9474-1A3956D46DE8}") = "TParty", "TParty", "{4FF0BF6C-621A-4F61-ADCF-3DC41703350C}"
	ProjectSection(SolutionItems) = preProject
		TParty\Common.Logging.dll = TParty\Common.Logging.dll
		TParty\EntityFramework.dll = TParty\EntityFramework.dll
		TParty\Excel.dll = TParty\Excel.dll
		TParty\ICSharpCode.SharpZipLib.dll = TParty\ICSharpCode.SharpZipLib.dll
		TParty\Ionic.Zip.Reduced.dll = TParty\Ionic.Zip.Reduced.dll
		TParty\Newtonsoft.Json.dll = TParty\Newtonsoft.Json.dll
		TParty\Quartz.dll = TParty\Quartz.dll
		TParty\Radyn.dll = TParty\Radyn.dll
		TParty\Radyn.Framework.dll = TParty\Radyn.Framework.dll
		TParty\Radyn.Utility.dll = TParty\Radyn.Utility.dll
		TParty\Radyn.Web.dll = TParty\Radyn.Web.dll
		TParty\Radyn.Web.Mvc.dll = TParty\Radyn.Web.Mvc.dll
		TParty\Radyn.Web.Mvc.Utility.dll = TParty\Radyn.Web.Mvc.Utility.dll
		TParty\Radyn.Web.UI.dll = TParty\Radyn.Web.UI.dll
		TParty\Stimulsoft.Base.dll = TParty\Stimulsoft.Base.dll
		TParty\Stimulsoft.Report.dll = TParty\Stimulsoft.Report.dll
		TParty\Stimulsoft.Report.Mvc.dll = TParty\Stimulsoft.Report.Mvc.dll
		TParty\Stimulsoft.Report.Web.dll = TParty\Stimulsoft.Report.Web.dll
		TParty\Stimulsoft.Report.WebDesign.dll = TParty\Stimulsoft.Report.WebDesign.dll
		TParty\System.Net.Http.Formatting.dll = TParty\System.Net.Http.Formatting.dll
		TParty\System.Web.Http.dll = TParty\System.Web.Http.dll
		TParty\System.Web.Http.WebHost.dll = TParty\System.Web.Http.WebHost.dll
		TParty\System.Web.Mvc.dll = TParty\System.Web.Mvc.dll
		TParty\System.Web.Razor.dll = TParty\System.Web.Razor.dll
		TParty\System.Web.WebPages.Deployment.dll = TParty\System.Web.WebPages.Deployment.dll
		TParty\System.Web.WebPages.dll = TParty\System.Web.WebPages.dll
		TParty\System.Web.WebPages.Razor.dll = TParty\System.Web.WebPages.Razor.dll
		TParty\System.Windows.Forms.dll = TParty\System.Windows.Forms.dll
		TParty\Telerik.Web.Mvc.dll = TParty\Telerik.Web.Mvc.dll
	EndProjectSection
EndProject
Project("{FAE04EC0-301F-11D3-BF4B-00C04F79EFBC}") = "Graphic", "Graphic\Graphic.csproj", "{7B26456B-EBCC-42C2-9A46-E435A2169A05}"
EndProject
Project("{FAE04EC0-301F-11D3-BF4B-00C04F79EFBC}") = "ContentManager", "ContentManager\ContentManager.csproj", "{88186C77-0BD8-4068-B6A7-03914BA9B864}"
EndProject
Project("{FAE04EC0-301F-11D3-BF4B-00C04F79EFBC}") = "FCM", "FCM\FCM.csproj", "{FCDB0A9A-8E51-4584-9AE5-92CE5FEE4827}"
EndProject
Project("{FAE04EC0-301F-11D3-BF4B-00C04F79EFBC}") = "PackageNotifier", "PackageVersion\PackageNotifier.csproj", "{839C3830-A393-4CC5-A362-6793375DAB5C}"
EndProject
Project("{FAE04EC0-301F-11D3-BF4B-00C04F79EFBC}") = "Congress", "Congress\Congress.csproj", "{79646684-2388-425D-87EA-2B2E4F69783C}"
EndProject
Project("{FAE04EC0-301F-11D3-BF4B-00C04F79EFBC}") = "AttendanceWinApp", "UserAttendanceWinApp\AttendanceWinApp.csproj", "{B4F49AF5-00D9-46F0-88A4-81B695F5E7EF}"
EndProject
Project("{FAE04EC0-301F-11D3-BF4B-00C04F79EFBC}") = "XmlModel", "XmlModel\XmlModel.csproj", "{BAE639B9-35F9-4A45-B60E-5AF2D48F8366}"
EndProject
Project("{FAE04EC0-301F-11D3-BF4B-00C04F79EFBC}") = "Evaluation", "Evaluation\Evaluation.csproj", "{C2A8BD14-EA42-46D1-A00F-CC70E9ACFA84}"
EndProject
Project("{FAE04EC0-301F-11D3-BF4B-00C04F79EFBC}") = "WebDesign", "WebDesign\WebDesign.csproj", "{EB1AEBE7-46AF-4E76-AD10-6A926DABA5CB}"
EndProject
Global
	GlobalSection(SolutionConfigurationPlatforms) = preSolution
		Debug|Any CPU = Debug|Any CPU
		Debug|Mixed Platforms = Debug|Mixed Platforms
		Debug|x86 = Debug|x86
		Release|Any CPU = Release|Any CPU
		Release|Mixed Platforms = Release|Mixed Platforms
		Release|x86 = Release|x86
	EndGlobalSection
	GlobalSection(ProjectConfigurationPlatforms) = postSolution
		{A0735E37-F398-47F9-9046-2DC237F204BB}.Debug|Any CPU.ActiveCfg = Debug|Any CPU
		{A0735E37-F398-47F9-9046-2DC237F204BB}.Debug|Any CPU.Build.0 = Debug|Any CPU
		{A0735E37-F398-47F9-9046-2DC237F204BB}.Debug|Mixed Platforms.ActiveCfg = Debug|Any CPU
		{A0735E37-F398-47F9-9046-2DC237F204BB}.Debug|Mixed Platforms.Build.0 = Debug|Any CPU
		{A0735E37-F398-47F9-9046-2DC237F204BB}.Debug|x86.ActiveCfg = Debug|Any CPU
		{A0735E37-F398-47F9-9046-2DC237F204BB}.Release|Any CPU.ActiveCfg = Release|Any CPU
		{A0735E37-F398-47F9-9046-2DC237F204BB}.Release|Any CPU.Build.0 = Release|Any CPU
		{A0735E37-F398-47F9-9046-2DC237F204BB}.Release|Mixed Platforms.ActiveCfg = Release|Any CPU
		{A0735E37-F398-47F9-9046-2DC237F204BB}.Release|Mixed Platforms.Build.0 = Release|Any CPU
		{A0735E37-F398-47F9-9046-2DC237F204BB}.Release|x86.ActiveCfg = Release|Any CPU
		{35AEA767-A451-4BCD-A8F5-E0E412686279}.Debug|Any CPU.ActiveCfg = Debug|Any CPU
		{35AEA767-A451-4BCD-A8F5-E0E412686279}.Debug|Any CPU.Build.0 = Debug|Any CPU
		{35AEA767-A451-4BCD-A8F5-E0E412686279}.Debug|Mixed Platforms.ActiveCfg = Debug|Any CPU
		{35AEA767-A451-4BCD-A8F5-E0E412686279}.Debug|Mixed Platforms.Build.0 = Debug|Any CPU
		{35AEA767-A451-4BCD-A8F5-E0E412686279}.Debug|x86.ActiveCfg = Debug|Any CPU
		{35AEA767-A451-4BCD-A8F5-E0E412686279}.Release|Any CPU.ActiveCfg = Release|Any CPU
		{35AEA767-A451-4BCD-A8F5-E0E412686279}.Release|Any CPU.Build.0 = Release|Any CPU
		{35AEA767-A451-4BCD-A8F5-E0E412686279}.Release|Mixed Platforms.ActiveCfg = Release|Any CPU
		{35AEA767-A451-4BCD-A8F5-E0E412686279}.Release|Mixed Platforms.Build.0 = Release|Any CPU
		{35AEA767-A451-4BCD-A8F5-E0E412686279}.Release|x86.ActiveCfg = Release|Any CPU
		{57776233-23D5-4E36-BF4A-2D3ED7731558}.Debug|Any CPU.ActiveCfg = Debug|Any CPU
		{57776233-23D5-4E36-BF4A-2D3ED7731558}.Debug|Any CPU.Build.0 = Debug|Any CPU
		{57776233-23D5-4E36-BF4A-2D3ED7731558}.Debug|Mixed Platforms.ActiveCfg = Debug|Any CPU
		{57776233-23D5-4E36-BF4A-2D3ED7731558}.Debug|Mixed Platforms.Build.0 = Debug|Any CPU
		{57776233-23D5-4E36-BF4A-2D3ED7731558}.Debug|x86.ActiveCfg = Debug|Any CPU
		{57776233-23D5-4E36-BF4A-2D3ED7731558}.Release|Any CPU.ActiveCfg = Release|Any CPU
		{57776233-23D5-4E36-BF4A-2D3ED7731558}.Release|Any CPU.Build.0 = Release|Any CPU
		{57776233-23D5-4E36-BF4A-2D3ED7731558}.Release|Mixed Platforms.ActiveCfg = Release|Any CPU
		{57776233-23D5-4E36-BF4A-2D3ED7731558}.Release|Mixed Platforms.Build.0 = Release|Any CPU
		{57776233-23D5-4E36-BF4A-2D3ED7731558}.Release|x86.ActiveCfg = Release|Any CPU
		{F00E74E6-AE53-4DA6-9DEC-D0B05A0E7D33}.Debug|Any CPU.ActiveCfg = Debug|Any CPU
		{F00E74E6-AE53-4DA6-9DEC-D0B05A0E7D33}.Debug|Any CPU.Build.0 = Debug|Any CPU
		{F00E74E6-AE53-4DA6-9DEC-D0B05A0E7D33}.Debug|Mixed Platforms.ActiveCfg = Debug|Any CPU
		{F00E74E6-AE53-4DA6-9DEC-D0B05A0E7D33}.Debug|Mixed Platforms.Build.0 = Debug|Any CPU
		{F00E74E6-AE53-4DA6-9DEC-D0B05A0E7D33}.Debug|x86.ActiveCfg = Debug|Any CPU
		{F00E74E6-AE53-4DA6-9DEC-D0B05A0E7D33}.Release|Any CPU.ActiveCfg = Release|Any CPU
		{F00E74E6-AE53-4DA6-9DEC-D0B05A0E7D33}.Release|Any CPU.Build.0 = Release|Any CPU
		{F00E74E6-AE53-4DA6-9DEC-D0B05A0E7D33}.Release|Mixed Platforms.ActiveCfg = Release|Any CPU
		{F00E74E6-AE53-4DA6-9DEC-D0B05A0E7D33}.Release|Mixed Platforms.Build.0 = Release|Any CPU
		{F00E74E6-AE53-4DA6-9DEC-D0B05A0E7D33}.Release|x86.ActiveCfg = Release|Any CPU
		{4F138651-DDA4-4453-BB8C-E998DBC90C4A}.Debug|Any CPU.ActiveCfg = Debug|Any CPU
		{4F138651-DDA4-4453-BB8C-E998DBC90C4A}.Debug|Any CPU.Build.0 = Debug|Any CPU
		{4F138651-DDA4-4453-BB8C-E998DBC90C4A}.Debug|Mixed Platforms.ActiveCfg = Debug|Any CPU
		{4F138651-DDA4-4453-BB8C-E998DBC90C4A}.Debug|Mixed Platforms.Build.0 = Debug|Any CPU
		{4F138651-DDA4-4453-BB8C-E998DBC90C4A}.Debug|x86.ActiveCfg = Debug|Any CPU
		{4F138651-DDA4-4453-BB8C-E998DBC90C4A}.Release|Any CPU.ActiveCfg = Release|Any CPU
		{4F138651-DDA4-4453-BB8C-E998DBC90C4A}.Release|Any CPU.Build.0 = Release|Any CPU
		{4F138651-DDA4-4453-BB8C-E998DBC90C4A}.Release|Mixed Platforms.ActiveCfg = Release|Any CPU
		{4F138651-DDA4-4453-BB8C-E998DBC90C4A}.Release|Mixed Platforms.Build.0 = Release|Any CPU
		{4F138651-DDA4-4453-BB8C-E998DBC90C4A}.Release|x86.ActiveCfg = Release|Any CPU
		{FA0B0F59-3C1C-4AF6-8D6E-FE243BAF526A}.Debug|Any CPU.ActiveCfg = Debug|Any CPU
		{FA0B0F59-3C1C-4AF6-8D6E-FE243BAF526A}.Debug|Any CPU.Build.0 = Debug|Any CPU
		{FA0B0F59-3C1C-4AF6-8D6E-FE243BAF526A}.Debug|Mixed Platforms.ActiveCfg = Debug|Any CPU
		{FA0B0F59-3C1C-4AF6-8D6E-FE243BAF526A}.Debug|Mixed Platforms.Build.0 = Debug|Any CPU
		{FA0B0F59-3C1C-4AF6-8D6E-FE243BAF526A}.Debug|x86.ActiveCfg = Debug|Any CPU
		{FA0B0F59-3C1C-4AF6-8D6E-FE243BAF526A}.Release|Any CPU.ActiveCfg = Release|Any CPU
		{FA0B0F59-3C1C-4AF6-8D6E-FE243BAF526A}.Release|Any CPU.Build.0 = Release|Any CPU
		{FA0B0F59-3C1C-4AF6-8D6E-FE243BAF526A}.Release|Mixed Platforms.ActiveCfg = Release|Any CPU
		{FA0B0F59-3C1C-4AF6-8D6E-FE243BAF526A}.Release|Mixed Platforms.Build.0 = Release|Any CPU
		{FA0B0F59-3C1C-4AF6-8D6E-FE243BAF526A}.Release|x86.ActiveCfg = Release|Any CPU
		{EA76A670-2CA6-40DD-BF3B-9C7E22F84A06}.Debug|Any CPU.ActiveCfg = Debug|Any CPU
		{EA76A670-2CA6-40DD-BF3B-9C7E22F84A06}.Debug|Any CPU.Build.0 = Debug|Any CPU
		{EA76A670-2CA6-40DD-BF3B-9C7E22F84A06}.Debug|Mixed Platforms.ActiveCfg = Debug|Any CPU
		{EA76A670-2CA6-40DD-BF3B-9C7E22F84A06}.Debug|Mixed Platforms.Build.0 = Debug|Any CPU
		{EA76A670-2CA6-40DD-BF3B-9C7E22F84A06}.Debug|x86.ActiveCfg = Debug|Any CPU
		{EA76A670-2CA6-40DD-BF3B-9C7E22F84A06}.Release|Any CPU.ActiveCfg = Release|Any CPU
		{EA76A670-2CA6-40DD-BF3B-9C7E22F84A06}.Release|Any CPU.Build.0 = Release|Any CPU
		{EA76A670-2CA6-40DD-BF3B-9C7E22F84A06}.Release|Mixed Platforms.ActiveCfg = Release|Any CPU
		{EA76A670-2CA6-40DD-BF3B-9C7E22F84A06}.Release|Mixed Platforms.Build.0 = Release|Any CPU
		{EA76A670-2CA6-40DD-BF3B-9C7E22F84A06}.Release|x86.ActiveCfg = Release|Any CPU
		{D2DFC1BF-8CE6-4684-8EF0-3C3D2D6112F2}.Debug|Any CPU.ActiveCfg = Debug|Any CPU
		{D2DFC1BF-8CE6-4684-8EF0-3C3D2D6112F2}.Debug|Any CPU.Build.0 = Debug|Any CPU
		{D2DFC1BF-8CE6-4684-8EF0-3C3D2D6112F2}.Debug|Mixed Platforms.ActiveCfg = Debug|Any CPU
		{D2DFC1BF-8CE6-4684-8EF0-3C3D2D6112F2}.Debug|Mixed Platforms.Build.0 = Debug|Any CPU
		{D2DFC1BF-8CE6-4684-8EF0-3C3D2D6112F2}.Debug|x86.ActiveCfg = Debug|Any CPU
		{D2DFC1BF-8CE6-4684-8EF0-3C3D2D6112F2}.Release|Any CPU.ActiveCfg = Release|Any CPU
		{D2DFC1BF-8CE6-4684-8EF0-3C3D2D6112F2}.Release|Any CPU.Build.0 = Release|Any CPU
		{D2DFC1BF-8CE6-4684-8EF0-3C3D2D6112F2}.Release|Mixed Platforms.ActiveCfg = Release|Any CPU
		{D2DFC1BF-8CE6-4684-8EF0-3C3D2D6112F2}.Release|Mixed Platforms.Build.0 = Release|Any CPU
		{D2DFC1BF-8CE6-4684-8EF0-3C3D2D6112F2}.Release|x86.ActiveCfg = Release|Any CPU
		{B55F2DE5-2C1E-4260-8978-4CEDA8785992}.Debug|Any CPU.ActiveCfg = Debug|Any CPU
		{B55F2DE5-2C1E-4260-8978-4CEDA8785992}.Debug|Any CPU.Build.0 = Debug|Any CPU
		{B55F2DE5-2C1E-4260-8978-4CEDA8785992}.Debug|Mixed Platforms.ActiveCfg = Debug|Any CPU
		{B55F2DE5-2C1E-4260-8978-4CEDA8785992}.Debug|Mixed Platforms.Build.0 = Debug|Any CPU
		{B55F2DE5-2C1E-4260-8978-4CEDA8785992}.Debug|x86.ActiveCfg = Debug|Any CPU
		{B55F2DE5-2C1E-4260-8978-4CEDA8785992}.Release|Any CPU.ActiveCfg = Release|Any CPU
		{B55F2DE5-2C1E-4260-8978-4CEDA8785992}.Release|Any CPU.Build.0 = Release|Any CPU
		{B55F2DE5-2C1E-4260-8978-4CEDA8785992}.Release|Mixed Platforms.ActiveCfg = Release|Any CPU
		{B55F2DE5-2C1E-4260-8978-4CEDA8785992}.Release|Mixed Platforms.Build.0 = Release|Any CPU
		{B55F2DE5-2C1E-4260-8978-4CEDA8785992}.Release|x86.ActiveCfg = Release|Any CPU
		{ADC9FFD5-6590-4345-917E-9D69F165BE64}.Debug|Any CPU.ActiveCfg = Debug|Any CPU
		{ADC9FFD5-6590-4345-917E-9D69F165BE64}.Debug|Any CPU.Build.0 = Debug|Any CPU
		{ADC9FFD5-6590-4345-917E-9D69F165BE64}.Debug|Mixed Platforms.ActiveCfg = Debug|Any CPU
		{ADC9FFD5-6590-4345-917E-9D69F165BE64}.Debug|Mixed Platforms.Build.0 = Debug|Any CPU
		{ADC9FFD5-6590-4345-917E-9D69F165BE64}.Debug|x86.ActiveCfg = Debug|Any CPU
		{ADC9FFD5-6590-4345-917E-9D69F165BE64}.Release|Any CPU.ActiveCfg = Release|Any CPU
		{ADC9FFD5-6590-4345-917E-9D69F165BE64}.Release|Any CPU.Build.0 = Release|Any CPU
		{ADC9FFD5-6590-4345-917E-9D69F165BE64}.Release|Mixed Platforms.ActiveCfg = Release|Any CPU
		{ADC9FFD5-6590-4345-917E-9D69F165BE64}.Release|Mixed Platforms.Build.0 = Release|Any CPU
		{ADC9FFD5-6590-4345-917E-9D69F165BE64}.Release|x86.ActiveCfg = Release|Any CPU
		{36D8923E-BDA6-4C92-B3E4-190885FCA06D}.Debug|Any CPU.ActiveCfg = Debug|Any CPU
		{36D8923E-BDA6-4C92-B3E4-190885FCA06D}.Debug|Any CPU.Build.0 = Debug|Any CPU
		{36D8923E-BDA6-4C92-B3E4-190885FCA06D}.Debug|Mixed Platforms.ActiveCfg = Debug|Any CPU
		{36D8923E-BDA6-4C92-B3E4-190885FCA06D}.Debug|Mixed Platforms.Build.0 = Debug|Any CPU
		{36D8923E-BDA6-4C92-B3E4-190885FCA06D}.Debug|x86.ActiveCfg = Debug|Any CPU
		{36D8923E-BDA6-4C92-B3E4-190885FCA06D}.Release|Any CPU.ActiveCfg = Release|Any CPU
		{36D8923E-BDA6-4C92-B3E4-190885FCA06D}.Release|Any CPU.Build.0 = Release|Any CPU
		{36D8923E-BDA6-4C92-B3E4-190885FCA06D}.Release|Mixed Platforms.ActiveCfg = Release|Any CPU
		{36D8923E-BDA6-4C92-B3E4-190885FCA06D}.Release|Mixed Platforms.Build.0 = Release|Any CPU
		{36D8923E-BDA6-4C92-B3E4-190885FCA06D}.Release|x86.ActiveCfg = Release|Any CPU
		{596A0A51-6D96-45D0-8F37-AD8E945960FD}.Debug|Any CPU.ActiveCfg = Debug|Any CPU
		{596A0A51-6D96-45D0-8F37-AD8E945960FD}.Debug|Any CPU.Build.0 = Debug|Any CPU
		{596A0A51-6D96-45D0-8F37-AD8E945960FD}.Debug|Mixed Platforms.ActiveCfg = Debug|Any CPU
		{596A0A51-6D96-45D0-8F37-AD8E945960FD}.Debug|Mixed Platforms.Build.0 = Debug|Any CPU
		{596A0A51-6D96-45D0-8F37-AD8E945960FD}.Debug|x86.ActiveCfg = Debug|Any CPU
		{596A0A51-6D96-45D0-8F37-AD8E945960FD}.Release|Any CPU.ActiveCfg = Release|Any CPU
		{596A0A51-6D96-45D0-8F37-AD8E945960FD}.Release|Any CPU.Build.0 = Release|Any CPU
		{596A0A51-6D96-45D0-8F37-AD8E945960FD}.Release|Mixed Platforms.ActiveCfg = Release|Any CPU
		{596A0A51-6D96-45D0-8F37-AD8E945960FD}.Release|Mixed Platforms.Build.0 = Release|Any CPU
		{596A0A51-6D96-45D0-8F37-AD8E945960FD}.Release|x86.ActiveCfg = Release|Any CPU
		{3B7185A9-70D1-4CBE-9835-88944BF9384C}.Debug|Any CPU.ActiveCfg = Debug|Any CPU
		{3B7185A9-70D1-4CBE-9835-88944BF9384C}.Debug|Any CPU.Build.0 = Debug|Any CPU
		{3B7185A9-70D1-4CBE-9835-88944BF9384C}.Debug|Mixed Platforms.ActiveCfg = Debug|Any CPU
		{3B7185A9-70D1-4CBE-9835-88944BF9384C}.Debug|Mixed Platforms.Build.0 = Debug|Any CPU
		{3B7185A9-70D1-4CBE-9835-88944BF9384C}.Debug|x86.ActiveCfg = Debug|Any CPU
		{3B7185A9-70D1-4CBE-9835-88944BF9384C}.Debug|x86.Build.0 = Debug|Any CPU
		{3B7185A9-70D1-4CBE-9835-88944BF9384C}.Release|Any CPU.ActiveCfg = Release|Any CPU
		{3B7185A9-70D1-4CBE-9835-88944BF9384C}.Release|Any CPU.Build.0 = Release|Any CPU
		{3B7185A9-70D1-4CBE-9835-88944BF9384C}.Release|Mixed Platforms.ActiveCfg = Release|Any CPU
		{3B7185A9-70D1-4CBE-9835-88944BF9384C}.Release|Mixed Platforms.Build.0 = Release|Any CPU
		{3B7185A9-70D1-4CBE-9835-88944BF9384C}.Release|x86.ActiveCfg = Release|Any CPU
		{3B7185A9-70D1-4CBE-9835-88944BF9384C}.Release|x86.Build.0 = Release|Any CPU
		{46953CE7-5185-464D-9DB4-3BCB91BD04A6}.Debug|Any CPU.ActiveCfg = Debug|Any CPU
		{46953CE7-5185-464D-9DB4-3BCB91BD04A6}.Debug|Any CPU.Build.0 = Debug|Any CPU
		{46953CE7-5185-464D-9DB4-3BCB91BD04A6}.Debug|Mixed Platforms.ActiveCfg = Debug|Any CPU
		{46953CE7-5185-464D-9DB4-3BCB91BD04A6}.Debug|Mixed Platforms.Build.0 = Debug|Any CPU
		{46953CE7-5185-464D-9DB4-3BCB91BD04A6}.Debug|x86.ActiveCfg = Debug|Any CPU
		{46953CE7-5185-464D-9DB4-3BCB91BD04A6}.Debug|x86.Build.0 = Debug|Any CPU
		{46953CE7-5185-464D-9DB4-3BCB91BD04A6}.Release|Any CPU.ActiveCfg = Release|Any CPU
		{46953CE7-5185-464D-9DB4-3BCB91BD04A6}.Release|Any CPU.Build.0 = Release|Any CPU
		{46953CE7-5185-464D-9DB4-3BCB91BD04A6}.Release|Mixed Platforms.ActiveCfg = Release|Any CPU
		{46953CE7-5185-464D-9DB4-3BCB91BD04A6}.Release|Mixed Platforms.Build.0 = Release|Any CPU
		{46953CE7-5185-464D-9DB4-3BCB91BD04A6}.Release|x86.ActiveCfg = Release|Any CPU
		{46953CE7-5185-464D-9DB4-3BCB91BD04A6}.Release|x86.Build.0 = Release|Any CPU
		{189D7172-B237-4AFA-A5AA-105AA7693637}.Debug|Any CPU.ActiveCfg = Debug|Any CPU
		{189D7172-B237-4AFA-A5AA-105AA7693637}.Debug|Any CPU.Build.0 = Debug|Any CPU
		{189D7172-B237-4AFA-A5AA-105AA7693637}.Debug|Mixed Platforms.ActiveCfg = Debug|Any CPU
		{189D7172-B237-4AFA-A5AA-105AA7693637}.Debug|Mixed Platforms.Build.0 = Debug|Any CPU
		{189D7172-B237-4AFA-A5AA-105AA7693637}.Debug|x86.ActiveCfg = Debug|Any CPU
		{189D7172-B237-4AFA-A5AA-105AA7693637}.Debug|x86.Build.0 = Debug|Any CPU
		{189D7172-B237-4AFA-A5AA-105AA7693637}.Release|Any CPU.ActiveCfg = Release|Any CPU
		{189D7172-B237-4AFA-A5AA-105AA7693637}.Release|Any CPU.Build.0 = Release|Any CPU
		{189D7172-B237-4AFA-A5AA-105AA7693637}.Release|Mixed Platforms.ActiveCfg = Release|Any CPU
		{189D7172-B237-4AFA-A5AA-105AA7693637}.Release|Mixed Platforms.Build.0 = Release|Any CPU
		{189D7172-B237-4AFA-A5AA-105AA7693637}.Release|x86.ActiveCfg = Release|Any CPU
		{189D7172-B237-4AFA-A5AA-105AA7693637}.Release|x86.Build.0 = Release|Any CPU
		{03F3C529-60B9-4266-9B14-3052DA14A312}.Debug|Any CPU.ActiveCfg = Debug|Any CPU
		{03F3C529-60B9-4266-9B14-3052DA14A312}.Debug|Any CPU.Build.0 = Debug|Any CPU
		{03F3C529-60B9-4266-9B14-3052DA14A312}.Debug|Mixed Platforms.ActiveCfg = Debug|Any CPU
		{03F3C529-60B9-4266-9B14-3052DA14A312}.Debug|Mixed Platforms.Build.0 = Debug|Any CPU
		{03F3C529-60B9-4266-9B14-3052DA14A312}.Debug|x86.ActiveCfg = Debug|Any CPU
		{03F3C529-60B9-4266-9B14-3052DA14A312}.Debug|x86.Build.0 = Debug|Any CPU
		{03F3C529-60B9-4266-9B14-3052DA14A312}.Release|Any CPU.ActiveCfg = Release|Any CPU
		{03F3C529-60B9-4266-9B14-3052DA14A312}.Release|Any CPU.Build.0 = Release|Any CPU
		{03F3C529-60B9-4266-9B14-3052DA14A312}.Release|Mixed Platforms.ActiveCfg = Release|Any CPU
		{03F3C529-60B9-4266-9B14-3052DA14A312}.Release|Mixed Platforms.Build.0 = Release|Any CPU
		{03F3C529-60B9-4266-9B14-3052DA14A312}.Release|x86.ActiveCfg = Release|Any CPU
		{03F3C529-60B9-4266-9B14-3052DA14A312}.Release|x86.Build.0 = Release|Any CPU
		{9D4F5FA9-0871-4921-AA00-63FBE92B8D48}.Debug|Any CPU.ActiveCfg = Debug|Any CPU
		{9D4F5FA9-0871-4921-AA00-63FBE92B8D48}.Debug|Any CPU.Build.0 = Debug|Any CPU
		{9D4F5FA9-0871-4921-AA00-63FBE92B8D48}.Debug|Mixed Platforms.ActiveCfg = Debug|Any CPU
		{9D4F5FA9-0871-4921-AA00-63FBE92B8D48}.Debug|Mixed Platforms.Build.0 = Debug|Any CPU
		{9D4F5FA9-0871-4921-AA00-63FBE92B8D48}.Debug|x86.ActiveCfg = Debug|Any CPU
		{9D4F5FA9-0871-4921-AA00-63FBE92B8D48}.Debug|x86.Build.0 = Debug|Any CPU
		{9D4F5FA9-0871-4921-AA00-63FBE92B8D48}.Release|Any CPU.ActiveCfg = Release|Any CPU
		{9D4F5FA9-0871-4921-AA00-63FBE92B8D48}.Release|Any CPU.Build.0 = Release|Any CPU
		{9D4F5FA9-0871-4921-AA00-63FBE92B8D48}.Release|Mixed Platforms.ActiveCfg = Release|Any CPU
		{9D4F5FA9-0871-4921-AA00-63FBE92B8D48}.Release|Mixed Platforms.Build.0 = Release|Any CPU
		{9D4F5FA9-0871-4921-AA00-63FBE92B8D48}.Release|x86.ActiveCfg = Release|Any CPU
		{9D4F5FA9-0871-4921-AA00-63FBE92B8D48}.Release|x86.Build.0 = Release|Any CPU
		{D3F8D1A7-7EB1-49AD-BF12-123B32EA554B}.Debug|Any CPU.ActiveCfg = Debug|Any CPU
		{D3F8D1A7-7EB1-49AD-BF12-123B32EA554B}.Debug|Any CPU.Build.0 = Debug|Any CPU
		{D3F8D1A7-7EB1-49AD-BF12-123B32EA554B}.Debug|Mixed Platforms.ActiveCfg = Debug|Any CPU
		{D3F8D1A7-7EB1-49AD-BF12-123B32EA554B}.Debug|Mixed Platforms.Build.0 = Debug|Any CPU
		{D3F8D1A7-7EB1-49AD-BF12-123B32EA554B}.Debug|x86.ActiveCfg = Debug|Any CPU
		{D3F8D1A7-7EB1-49AD-BF12-123B32EA554B}.Debug|x86.Build.0 = Debug|Any CPU
		{D3F8D1A7-7EB1-49AD-BF12-123B32EA554B}.Release|Any CPU.ActiveCfg = Release|Any CPU
		{D3F8D1A7-7EB1-49AD-BF12-123B32EA554B}.Release|Any CPU.Build.0 = Release|Any CPU
		{D3F8D1A7-7EB1-49AD-BF12-123B32EA554B}.Release|Mixed Platforms.ActiveCfg = Release|Any CPU
		{D3F8D1A7-7EB1-49AD-BF12-123B32EA554B}.Release|Mixed Platforms.Build.0 = Release|Any CPU
		{D3F8D1A7-7EB1-49AD-BF12-123B32EA554B}.Release|x86.ActiveCfg = Release|Any CPU
		{D3F8D1A7-7EB1-49AD-BF12-123B32EA554B}.Release|x86.Build.0 = Release|Any CPU
		{7B26456B-EBCC-42C2-9A46-E435A2169A05}.Debug|Any CPU.ActiveCfg = Debug|Any CPU
		{7B26456B-EBCC-42C2-9A46-E435A2169A05}.Debug|Any CPU.Build.0 = Debug|Any CPU
		{7B26456B-EBCC-42C2-9A46-E435A2169A05}.Debug|Mixed Platforms.ActiveCfg = Debug|Any CPU
		{7B26456B-EBCC-42C2-9A46-E435A2169A05}.Debug|Mixed Platforms.Build.0 = Debug|Any CPU
		{7B26456B-EBCC-42C2-9A46-E435A2169A05}.Debug|x86.ActiveCfg = Debug|Any CPU
		{7B26456B-EBCC-42C2-9A46-E435A2169A05}.Debug|x86.Build.0 = Debug|Any CPU
		{7B26456B-EBCC-42C2-9A46-E435A2169A05}.Release|Any CPU.ActiveCfg = Release|Any CPU
		{7B26456B-EBCC-42C2-9A46-E435A2169A05}.Release|Any CPU.Build.0 = Release|Any CPU
		{7B26456B-EBCC-42C2-9A46-E435A2169A05}.Release|Mixed Platforms.ActiveCfg = Release|Any CPU
		{7B26456B-EBCC-42C2-9A46-E435A2169A05}.Release|Mixed Platforms.Build.0 = Release|Any CPU
		{7B26456B-EBCC-42C2-9A46-E435A2169A05}.Release|x86.ActiveCfg = Release|Any CPU
		{7B26456B-EBCC-42C2-9A46-E435A2169A05}.Release|x86.Build.0 = Release|Any CPU
		{88186C77-0BD8-4068-B6A7-03914BA9B864}.Debug|Any CPU.ActiveCfg = Debug|Any CPU
		{88186C77-0BD8-4068-B6A7-03914BA9B864}.Debug|Any CPU.Build.0 = Debug|Any CPU
		{88186C77-0BD8-4068-B6A7-03914BA9B864}.Debug|Mixed Platforms.ActiveCfg = Debug|Any CPU
		{88186C77-0BD8-4068-B6A7-03914BA9B864}.Debug|Mixed Platforms.Build.0 = Debug|Any CPU
		{88186C77-0BD8-4068-B6A7-03914BA9B864}.Debug|x86.ActiveCfg = Debug|Any CPU
		{88186C77-0BD8-4068-B6A7-03914BA9B864}.Debug|x86.Build.0 = Debug|Any CPU
		{88186C77-0BD8-4068-B6A7-03914BA9B864}.Release|Any CPU.ActiveCfg = Release|Any CPU
		{88186C77-0BD8-4068-B6A7-03914BA9B864}.Release|Any CPU.Build.0 = Release|Any CPU
		{88186C77-0BD8-4068-B6A7-03914BA9B864}.Release|Mixed Platforms.ActiveCfg = Release|Any CPU
		{88186C77-0BD8-4068-B6A7-03914BA9B864}.Release|Mixed Platforms.Build.0 = Release|Any CPU
		{88186C77-0BD8-4068-B6A7-03914BA9B864}.Release|x86.ActiveCfg = Release|Any CPU
		{88186C77-0BD8-4068-B6A7-03914BA9B864}.Release|x86.Build.0 = Release|Any CPU
		{FCDB0A9A-8E51-4584-9AE5-92CE5FEE4827}.Debug|Any CPU.ActiveCfg = Debug|Any CPU
		{FCDB0A9A-8E51-4584-9AE5-92CE5FEE4827}.Debug|Any CPU.Build.0 = Debug|Any CPU
		{FCDB0A9A-8E51-4584-9AE5-92CE5FEE4827}.Debug|Mixed Platforms.ActiveCfg = Debug|Any CPU
		{FCDB0A9A-8E51-4584-9AE5-92CE5FEE4827}.Debug|Mixed Platforms.Build.0 = Debug|Any CPU
		{FCDB0A9A-8E51-4584-9AE5-92CE5FEE4827}.Debug|x86.ActiveCfg = Debug|Any CPU
		{FCDB0A9A-8E51-4584-9AE5-92CE5FEE4827}.Debug|x86.Build.0 = Debug|Any CPU
		{FCDB0A9A-8E51-4584-9AE5-92CE5FEE4827}.Release|Any CPU.ActiveCfg = Release|Any CPU
		{FCDB0A9A-8E51-4584-9AE5-92CE5FEE4827}.Release|Any CPU.Build.0 = Release|Any CPU
		{FCDB0A9A-8E51-4584-9AE5-92CE5FEE4827}.Release|Mixed Platforms.ActiveCfg = Release|Any CPU
		{FCDB0A9A-8E51-4584-9AE5-92CE5FEE4827}.Release|Mixed Platforms.Build.0 = Release|Any CPU
		{FCDB0A9A-8E51-4584-9AE5-92CE5FEE4827}.Release|x86.ActiveCfg = Release|Any CPU
		{FCDB0A9A-8E51-4584-9AE5-92CE5FEE4827}.Release|x86.Build.0 = Release|Any CPU
		{839C3830-A393-4CC5-A362-6793375DAB5C}.Debug|Any CPU.ActiveCfg = Debug|Any CPU
		{839C3830-A393-4CC5-A362-6793375DAB5C}.Debug|Any CPU.Build.0 = Debug|Any CPU
		{839C3830-A393-4CC5-A362-6793375DAB5C}.Debug|Mixed Platforms.ActiveCfg = Debug|Any CPU
		{839C3830-A393-4CC5-A362-6793375DAB5C}.Debug|Mixed Platforms.Build.0 = Debug|Any CPU
		{839C3830-A393-4CC5-A362-6793375DAB5C}.Debug|x86.ActiveCfg = Debug|Any CPU
		{839C3830-A393-4CC5-A362-6793375DAB5C}.Debug|x86.Build.0 = Debug|Any CPU
		{839C3830-A393-4CC5-A362-6793375DAB5C}.Release|Any CPU.ActiveCfg = Release|Any CPU
		{839C3830-A393-4CC5-A362-6793375DAB5C}.Release|Any CPU.Build.0 = Release|Any CPU
		{839C3830-A393-4CC5-A362-6793375DAB5C}.Release|Mixed Platforms.ActiveCfg = Release|Any CPU
		{839C3830-A393-4CC5-A362-6793375DAB5C}.Release|Mixed Platforms.Build.0 = Release|Any CPU
		{839C3830-A393-4CC5-A362-6793375DAB5C}.Release|x86.ActiveCfg = Release|Any CPU
		{839C3830-A393-4CC5-A362-6793375DAB5C}.Release|x86.Build.0 = Release|Any CPU
		{79646684-2388-425D-87EA-2B2E4F69783C}.Debug|Any CPU.ActiveCfg = Debug|Any CPU
		{79646684-2388-425D-87EA-2B2E4F69783C}.Debug|Any CPU.Build.0 = Debug|Any CPU
		{79646684-2388-425D-87EA-2B2E4F69783C}.Debug|Mixed Platforms.ActiveCfg = Debug|Any CPU
		{79646684-2388-425D-87EA-2B2E4F69783C}.Debug|Mixed Platforms.Build.0 = Debug|Any CPU
		{79646684-2388-425D-87EA-2B2E4F69783C}.Debug|x86.ActiveCfg = Debug|Any CPU
		{79646684-2388-425D-87EA-2B2E4F69783C}.Debug|x86.Build.0 = Debug|Any CPU
		{79646684-2388-425D-87EA-2B2E4F69783C}.Release|Any CPU.ActiveCfg = Release|Any CPU
		{79646684-2388-425D-87EA-2B2E4F69783C}.Release|Any CPU.Build.0 = Release|Any CPU
		{79646684-2388-425D-87EA-2B2E4F69783C}.Release|Mixed Platforms.ActiveCfg = Release|Any CPU
		{79646684-2388-425D-87EA-2B2E4F69783C}.Release|Mixed Platforms.Build.0 = Release|Any CPU
		{79646684-2388-425D-87EA-2B2E4F69783C}.Release|x86.ActiveCfg = Release|Any CPU
		{79646684-2388-425D-87EA-2B2E4F69783C}.Release|x86.Build.0 = Release|Any CPU
		{B4F49AF5-00D9-46F0-88A4-81B695F5E7EF}.Debug|Any CPU.ActiveCfg = Debug|Any CPU
		{B4F49AF5-00D9-46F0-88A4-81B695F5E7EF}.Debug|Any CPU.Build.0 = Debug|Any CPU
		{B4F49AF5-00D9-46F0-88A4-81B695F5E7EF}.Debug|Mixed Platforms.ActiveCfg = Debug|Any CPU
		{B4F49AF5-00D9-46F0-88A4-81B695F5E7EF}.Debug|Mixed Platforms.Build.0 = Debug|Any CPU
		{B4F49AF5-00D9-46F0-88A4-81B695F5E7EF}.Debug|x86.ActiveCfg = Debug|Any CPU
		{B4F49AF5-00D9-46F0-88A4-81B695F5E7EF}.Debug|x86.Build.0 = Debug|Any CPU
		{B4F49AF5-00D9-46F0-88A4-81B695F5E7EF}.Release|Any CPU.ActiveCfg = Release|Any CPU
		{B4F49AF5-00D9-46F0-88A4-81B695F5E7EF}.Release|Any CPU.Build.0 = Release|Any CPU
		{B4F49AF5-00D9-46F0-88A4-81B695F5E7EF}.Release|Mixed Platforms.ActiveCfg = Release|Any CPU
		{B4F49AF5-00D9-46F0-88A4-81B695F5E7EF}.Release|Mixed Platforms.Build.0 = Release|Any CPU
		{B4F49AF5-00D9-46F0-88A4-81B695F5E7EF}.Release|x86.ActiveCfg = Release|Any CPU
		{B4F49AF5-00D9-46F0-88A4-81B695F5E7EF}.Release|x86.Build.0 = Release|Any CPU
		{BAE639B9-35F9-4A45-B60E-5AF2D48F8366}.Debug|Any CPU.ActiveCfg = Debug|Any CPU
		{BAE639B9-35F9-4A45-B60E-5AF2D48F8366}.Debug|Any CPU.Build.0 = Debug|Any CPU
		{BAE639B9-35F9-4A45-B60E-5AF2D48F8366}.Debug|Mixed Platforms.ActiveCfg = Debug|Any CPU
		{BAE639B9-35F9-4A45-B60E-5AF2D48F8366}.Debug|Mixed Platforms.Build.0 = Debug|Any CPU
		{BAE639B9-35F9-4A45-B60E-5AF2D48F8366}.Debug|x86.ActiveCfg = Debug|Any CPU
		{BAE639B9-35F9-4A45-B60E-5AF2D48F8366}.Debug|x86.Build.0 = Debug|Any CPU
		{BAE639B9-35F9-4A45-B60E-5AF2D48F8366}.Release|Any CPU.ActiveCfg = Release|Any CPU
		{BAE639B9-35F9-4A45-B60E-5AF2D48F8366}.Release|Any CPU.Build.0 = Release|Any CPU
		{BAE639B9-35F9-4A45-B60E-5AF2D48F8366}.Release|Mixed Platforms.ActiveCfg = Release|Any CPU
		{BAE639B9-35F9-4A45-B60E-5AF2D48F8366}.Release|Mixed Platforms.Build.0 = Release|Any CPU
		{BAE639B9-35F9-4A45-B60E-5AF2D48F8366}.Release|x86.ActiveCfg = Release|Any CPU
		{BAE639B9-35F9-4A45-B60E-5AF2D48F8366}.Release|x86.Build.0 = Release|Any CPU
		{C2A8BD14-EA42-46D1-A00F-CC70E9ACFA84}.Debug|Any CPU.ActiveCfg = Debug|Any CPU
		{C2A8BD14-EA42-46D1-A00F-CC70E9ACFA84}.Debug|Any CPU.Build.0 = Debug|Any CPU
		{C2A8BD14-EA42-46D1-A00F-CC70E9ACFA84}.Debug|Mixed Platforms.ActiveCfg = Debug|Any CPU
		{C2A8BD14-EA42-46D1-A00F-CC70E9ACFA84}.Debug|Mixed Platforms.Build.0 = Debug|Any CPU
		{C2A8BD14-EA42-46D1-A00F-CC70E9ACFA84}.Debug|x86.ActiveCfg = Debug|Any CPU
		{C2A8BD14-EA42-46D1-A00F-CC70E9ACFA84}.Debug|x86.Build.0 = Debug|Any CPU
		{C2A8BD14-EA42-46D1-A00F-CC70E9ACFA84}.Release|Any CPU.ActiveCfg = Release|Any CPU
		{C2A8BD14-EA42-46D1-A00F-CC70E9ACFA84}.Release|Any CPU.Build.0 = Release|Any CPU
		{C2A8BD14-EA42-46D1-A00F-CC70E9ACFA84}.Release|Mixed Platforms.ActiveCfg = Release|Any CPU
		{C2A8BD14-EA42-46D1-A00F-CC70E9ACFA84}.Release|Mixed Platforms.Build.0 = Release|Any CPU
		{C2A8BD14-EA42-46D1-A00F-CC70E9ACFA84}.Release|x86.ActiveCfg = Release|Any CPU
		{C2A8BD14-EA42-46D1-A00F-CC70E9ACFA84}.Release|x86.Build.0 = Release|Any CPU
		{EB1AEBE7-46AF-4E76-AD10-6A926DABA5CB}.Debug|Any CPU.ActiveCfg = Debug|Any CPU
		{EB1AEBE7-46AF-4E76-AD10-6A926DABA5CB}.Debug|Any CPU.Build.0 = Debug|Any CPU
		{EB1AEBE7-46AF-4E76-AD10-6A926DABA5CB}.Debug|Mixed Platforms.ActiveCfg = Debug|Any CPU
		{EB1AEBE7-46AF-4E76-AD10-6A926DABA5CB}.Debug|Mixed Platforms.Build.0 = Debug|Any CPU
		{EB1AEBE7-46AF-4E76-AD10-6A926DABA5CB}.Debug|x86.ActiveCfg = Debug|Any CPU
		{EB1AEBE7-46AF-4E76-AD10-6A926DABA5CB}.Debug|x86.Build.0 = Debug|Any CPU
		{EB1AEBE7-46AF-4E76-AD10-6A926DABA5CB}.Release|Any CPU.ActiveCfg = Release|Any CPU
		{EB1AEBE7-46AF-4E76-AD10-6A926DABA5CB}.Release|Any CPU.Build.0 = Release|Any CPU
		{EB1AEBE7-46AF-4E76-AD10-6A926DABA5CB}.Release|Mixed Platforms.ActiveCfg = Release|Any CPU
		{EB1AEBE7-46AF-4E76-AD10-6A926DABA5CB}.Release|Mixed Platforms.Build.0 = Release|Any CPU
		{EB1AEBE7-46AF-4E76-AD10-6A926DABA5CB}.Release|x86.ActiveCfg = Release|Any CPU
		{EB1AEBE7-46AF-4E76-AD10-6A926DABA5CB}.Release|x86.Build.0 = Release|Any CPU
	EndGlobalSection
	GlobalSection(SolutionProperties) = preSolution
		HideSolutionNode = FALSE
	EndGlobalSection
	GlobalSection(ExtensibilityGlobals) = postSolution
		SolutionGuid = {0E7F5FEE-04BD-4101-9D36-DBE0A41E3310}
	EndGlobalSection
	GlobalSection(TeamFoundationVersionControl) = preSolution
		SccNumberOfProjects = 28
		SccEnterpriseProvider = {4CA58AB2-18FA-4F8D-95D4-32DDF27D184C}
		SccTeamFoundationServer = http://tfs.tehran.ir:8080/tfs/organizations
		SccLocalPath0 = .
		SccProjectUniqueName1 = Chat\\Chat.csproj
		SccProjectName1 = Chat
		SccLocalPath1 = Chat
		SccProjectUniqueName2 = FAQ\\FAQ.csproj
		SccProjectName2 = FAQ
		SccLocalPath2 = FAQ
		SccProjectUniqueName3 = FormGenerator\\FormGenerator.csproj
		SccProjectName3 = FormGenerator
		SccLocalPath3 = FormGenerator
		SccProjectUniqueName4 = Help\\Help.csproj
		SccProjectName4 = Help
		SccLocalPath4 = Help
		SccProjectUniqueName5 = Security\\Security.csproj
		SccProjectName5 = Security
		SccLocalPath5 = Security
		SccProjectUniqueName6 = Statistics\\Statistics.csproj
		SccProjectName6 = Statistics
		SccLocalPath6 = Statistics
		SccProjectUniqueName7 = WebApp\\WebApp.csproj
		SccProjectName7 = WebApp
		SccLocalPath7 = WebApp
		SccProjectUniqueName8 = Message\\Message.csproj
		SccProjectName8 = Message
		SccLocalPath8 = Message
		SccProjectUniqueName9 = PaymentGateway\\PaymentGateway.csproj
		SccProjectName9 = PaymentGateway
		SccLocalPath9 = PaymentGateway
		SccProjectUniqueName10 = Slider\\Slider.csproj
		SccProjectName10 = Slider
		SccLocalPath10 = Slider
		SccProjectUniqueName11 = Reservations\\Reservations.csproj
		SccProjectName11 = Reservations
		SccLocalPath11 = Reservations
		SccProjectUniqueName12 = SQL\\SQL.csproj
		SccProjectName12 = SQL
		SccLocalPath12 = SQL
		SccProjectUniqueName13 = Common\\Common.csproj
		SccProjectName13 = Common
		SccLocalPath13 = Common
		SccProjectUniqueName14 = EnterpriseNode\\EnterpriseNode.csproj
		SccProjectName14 = EnterpriseNode
		SccLocalPath14 = EnterpriseNode
		SccProjectUniqueName15 = FileManager\\FileManager.csproj
		SccProjectName15 = FileManager
		SccLocalPath15 = FileManager
		SccProjectUniqueName16 = News\\News.csproj
		SccProjectName16 = News
		SccLocalPath16 = News
		SccProjectUniqueName17 = Gallery\\Gallery.csproj
		SccProjectName17 = Gallery
		SccLocalPath17 = Gallery
		SccProjectUniqueName18 = Payment\\Payment.csproj
		SccProjectName18 = Payment
		SccLocalPath18 = Payment
		SccProjectUniqueName19 = Graphic\\Graphic.csproj
		SccProjectName19 = Graphic
		SccLocalPath19 = Graphic
		SccProjectUniqueName20 = ContentManager\\ContentManager.csproj
		SccProjectName20 = ContentManager
		SccLocalPath20 = ContentManager
		SccProjectUniqueName21 = FCM\\FCM.csproj
		SccProjectName21 = FCM
		SccLocalPath21 = FCM
		SccProjectUniqueName22 = PackageVersion\\PackageNotifier.csproj
		SccProjectName22 = PackageVersion
		SccLocalPath22 = PackageVersion
		SccProjectUniqueName23 = Congress\\Congress.csproj
		SccProjectName23 = Congress
		SccLocalPath23 = Congress
		SccProjectUniqueName24 = UserAttendanceWinApp\\AttendanceWinApp.csproj
		SccProjectName24 = UserAttendanceWinApp
		SccLocalPath24 = UserAttendanceWinApp
		SccProjectUniqueName25 = XmlModel\\XmlModel.csproj
		SccProjectName25 = XmlModel
		SccLocalPath25 = XmlModel
		SccProjectUniqueName26 = Evaluation\\Evaluation.csproj
		SccProjectName26 = Evaluation
		SccLocalPath26 = Evaluation
		SccProjectUniqueName27 = WebDesign\\WebDesign.csproj
		SccProjectName27 = WebDesign
		SccLocalPath27 = WebDesign
	EndGlobalSection
EndGlobal
